PODS:
  - Alamofire (4.6.0)
  - Siesta (1.3.1):
    - Siesta/Core (= 1.3.1)
  - Siesta/Alamofire (1.3.1):
    - Alamofire (> 4.1)
    - Siesta/Core
  - Siesta/Core (1.3.1)
  - Siesta/UI (1.3.1):
    - Siesta/Core

DEPENDENCIES:
  - Siesta (~> 1.0)
  - Siesta/Alamofire (~> 1.0)
  - Siesta/UI (~> 1.0)

SPEC CHECKSUMS:
  Alamofire: f41a599bd63041760b26d393ec1069d9d7b917f4
  Siesta: 47460ba8b964881b7db532a0e640a6c703959c23

PODFILE CHECKSUM: a7fb72aa72bc13c0fe141fb9702d7e91b771d0e7

COCOAPODS: 1.4.0
