// !$*UTF8*$!
{
	archiveVersion = 1;
	classes = {
	};
	objectVersion = 48;
	objects = {

/* Begin PBXBuildFile section */
		2493DF177C614E2FA063BCAF /* Pods_HackatonFintechTests.framework in Frameworks */ = {isa = PBXBuildFile; fileRef = 3050B3B548BA200E00A4E6AF /* Pods_HackatonFintechTests.framework */; };
		3E4802BF15D5B371130E06DD /* Pods_HackatonFintechUITests.framework in Frameworks */ = {isa = PBXBuildFile; fileRef = AE4D7A0A18B31C3BE0BE7406 /* Pods_HackatonFintechUITests.framework */; };
		6B838B9287F30C76905A9ECA /* Pods_HackatonFintech.framework in Frameworks */ = {isa = PBXBuildFile; fileRef = 2B392585DEE282A96033F52C /* Pods_HackatonFintech.framework */; };
		AE7EB601201C172B000AB1EF /* AppDelegate.swift in Sources */ = {isa = PBXBuildFile; fileRef = AE7EB600201C172B000AB1EF /* AppDelegate.swift */; };
		AE7EB603201C172B000AB1EF /* ViewController.swift in Sources */ = {isa = PBXBuildFile; fileRef = AE7EB602201C172B000AB1EF /* ViewController.swift */; };
		AE7EB606201C172B000AB1EF /* Main.storyboard in Resources */ = {isa = PBXBuildFile; fileRef = AE7EB604201C172B000AB1EF /* Main.storyboard */; };
		AE7EB609201C172B000AB1EF /* HackatonFintech.xcdatamodeld in Sources */ = {isa = PBXBuildFile; fileRef = AE7EB607201C172B000AB1EF /* HackatonFintech.xcdatamodeld */; };
		AE7EB60B201C172B000AB1EF /* Assets.xcassets in Resources */ = {isa = PBXBuildFile; fileRef = AE7EB60A201C172B000AB1EF /* Assets.xcassets */; };
		AE7EB60E201C172B000AB1EF /* LaunchScreen.storyboard in Resources */ = {isa = PBXBuildFile; fileRef = AE7EB60C201C172B000AB1EF /* LaunchScreen.storyboard */; };
		AE7EB619201C172C000AB1EF /* HackatonFintechTests.swift in Sources */ = {isa = PBXBuildFile; fileRef = AE7EB618201C172C000AB1EF /* HackatonFintechTests.swift */; };
		AE7EB624201C172C000AB1EF /* HackatonFintechUITests.swift in Sources */ = {isa = PBXBuildFile; fileRef = AE7EB623201C172C000AB1EF /* HackatonFintechUITests.swift */; };
		AE7EB632201C2B3C000AB1EF /* Podfile in Resources */ = {isa = PBXBuildFile; fileRef = AE7EB631201C2B3B000AB1EF /* Podfile */; };
		AE7EB639201C2D51000AB1EF /* SigninController.swift in Sources */ = {isa = PBXBuildFile; fileRef = AE7EB638201C2D51000AB1EF /* SigninController.swift */; };
		AE7EB63C201C2D95000AB1EF /* SinupController.swift in Sources */ = {isa = PBXBuildFile; fileRef = AE7EB63B201C2D95000AB1EF /* SinupController.swift */; };
		AE7EB65D201C3AD7000AB1EF /* API.swift in Sources */ = {isa = PBXBuildFile; fileRef = AE7EB65C201C3AD7000AB1EF /* API.swift */; };
		AE7EB65F201CC446000AB1EF /* QRReaderViewController.swift in Sources */ = {isa = PBXBuildFile; fileRef = AE7EB65E201CC446000AB1EF /* QRReaderViewController.swift */; };
		AE7EB661201CDABA000AB1EF /* ChargePayController.swift in Sources */ = {isa = PBXBuildFile; fileRef = AE7EB660201CDABA000AB1EF /* ChargePayController.swift */; };
		AE7EB663201CE125000AB1EF /* ChargeNumberController.swift in Sources */ = {isa = PBXBuildFile; fileRef = AE7EB662201CE125000AB1EF /* ChargeNumberController.swift */; };
/* End PBXBuildFile section */

/* Begin PBXContainerItemProxy section */
		AE7EB615201C172C000AB1EF /* PBXContainerItemProxy */ = {
			isa = PBXContainerItemProxy;
			containerPortal = AE7EB5F5201C172B000AB1EF /* Project object */;
			proxyType = 1;
			remoteGlobalIDString = AE7EB5FC201C172B000AB1EF;
			remoteInfo = HackatonFintech;
		};
		AE7EB620201C172C000AB1EF /* PBXContainerItemProxy */ = {
			isa = PBXContainerItemProxy;
			containerPortal = AE7EB5F5201C172B000AB1EF /* Project object */;
			proxyType = 1;
			remoteGlobalIDString = AE7EB5FC201C172B000AB1EF;
			remoteInfo = HackatonFintech;
		};
		AE7EB647201C34B5000AB1EF /* PBXContainerItemProxy */ = {
			isa = PBXContainerItemProxy;
			containerPortal = AE7EB63F201C34B5000AB1EF /* Pods.xcodeproj */;
			proxyType = 2;
			remoteGlobalIDString = 9154DD314C2C3B68C13B155AAFAEC985;
			remoteInfo = Alamofire;
		};
		AE7EB649201C34B5000AB1EF /* PBXContainerItemProxy */ = {
			isa = PBXContainerItemProxy;
			containerPortal = AE7EB63F201C34B5000AB1EF /* Pods.xcodeproj */;
			proxyType = 2;
			remoteGlobalIDString = D508ADDD8656D8A97F8ED4324D686951;
			remoteInfo = "Pods-HackatonFintech";
		};
		AE7EB64B201C34B5000AB1EF /* PBXContainerItemProxy */ = {
			isa = PBXContainerItemProxy;
			containerPortal = AE7EB63F201C34B5000AB1EF /* Pods.xcodeproj */;
			proxyType = 2;
			remoteGlobalIDString = C54884525F6B614107A5188D3AC2A4FE;
			remoteInfo = "Pods-HackatonFintechTests";
		};
		AE7EB64D201C34B5000AB1EF /* PBXContainerItemProxy */ = {
			isa = PBXContainerItemProxy;
			containerPortal = AE7EB63F201C34B5000AB1EF /* Pods.xcodeproj */;
			proxyType = 2;
			remoteGlobalIDString = 8875E2DD5107191717566F92739FD2BE;
			remoteInfo = "Pods-HackatonFintechUITests";
		};
		AE7EB64F201C34B5000AB1EF /* PBXContainerItemProxy */ = {
			isa = PBXContainerItemProxy;
			containerPortal = AE7EB63F201C34B5000AB1EF /* Pods.xcodeproj */;
			proxyType = 2;
			remoteGlobalIDString = EE32C158C2CF63B9B4D54FA296109600;
			remoteInfo = Siesta;
		};
		AE7EB658201C38AF000AB1EF /* PBXContainerItemProxy */ = {
			isa = PBXContainerItemProxy;
			containerPortal = AE7EB63F201C34B5000AB1EF /* Pods.xcodeproj */;
			proxyType = 2;
			remoteGlobalIDString = 5BDD2BCB23ED22583295FF1B8B7C9B49;
			remoteInfo = SwiftyJSON;
		};
/* End PBXContainerItemProxy section */

/* Begin PBXFileReference section */
		22BBBACB23197F82FFC84C3E /* Pods-HackatonFintechUITests.release.xcconfig */ = {isa = PBXFileReference; includeInIndex = 1; lastKnownFileType = text.xcconfig; name = "Pods-HackatonFintechUITests.release.xcconfig"; path = "Pods/Target Support Files/Pods-HackatonFintechUITests/Pods-HackatonFintechUITests.release.xcconfig"; sourceTree = "<group>"; };
		2B392585DEE282A96033F52C /* Pods_HackatonFintech.framework */ = {isa = PBXFileReference; explicitFileType = wrapper.framework; includeInIndex = 0; path = Pods_HackatonFintech.framework; sourceTree = BUILT_PRODUCTS_DIR; };
		2C8BC47344EDDA57C1414DFB /* Pods-HackatonFintechUITests.debug.xcconfig */ = {isa = PBXFileReference; includeInIndex = 1; lastKnownFileType = text.xcconfig; name = "Pods-HackatonFintechUITests.debug.xcconfig"; path = "Pods/Target Support Files/Pods-HackatonFintechUITests/Pods-HackatonFintechUITests.debug.xcconfig"; sourceTree = "<group>"; };
		3050B3B548BA200E00A4E6AF /* Pods_HackatonFintechTests.framework */ = {isa = PBXFileReference; explicitFileType = wrapper.framework; includeInIndex = 0; path = Pods_HackatonFintechTests.framework; sourceTree = BUILT_PRODUCTS_DIR; };
		4AD093FAE590B531AA4EF6DC /* Pods-HackatonFintech.release.xcconfig */ = {isa = PBXFileReference; includeInIndex = 1; lastKnownFileType = text.xcconfig; name = "Pods-HackatonFintech.release.xcconfig"; path = "Pods/Target Support Files/Pods-HackatonFintech/Pods-HackatonFintech.release.xcconfig"; sourceTree = "<group>"; };
		5256604C3349803DDDF50E51 /* Pods-HackatonFintechTests.release.xcconfig */ = {isa = PBXFileReference; includeInIndex = 1; lastKnownFileType = text.xcconfig; name = "Pods-HackatonFintechTests.release.xcconfig"; path = "Pods/Target Support Files/Pods-HackatonFintechTests/Pods-HackatonFintechTests.release.xcconfig"; sourceTree = "<group>"; };
		812473602DF3203E1F73E7BD /* Pods-HackatonFintech.debug.xcconfig */ = {isa = PBXFileReference; includeInIndex = 1; lastKnownFileType = text.xcconfig; name = "Pods-HackatonFintech.debug.xcconfig"; path = "Pods/Target Support Files/Pods-HackatonFintech/Pods-HackatonFintech.debug.xcconfig"; sourceTree = "<group>"; };
		AE4D7A0A18B31C3BE0BE7406 /* Pods_HackatonFintechUITests.framework */ = {isa = PBXFileReference; explicitFileType = wrapper.framework; includeInIndex = 0; path = Pods_HackatonFintechUITests.framework; sourceTree = BUILT_PRODUCTS_DIR; };
		AE7EB5FD201C172B000AB1EF /* HackatonFintech.app */ = {isa = PBXFileReference; explicitFileType = wrapper.application; includeInIndex = 0; path = HackatonFintech.app; sourceTree = BUILT_PRODUCTS_DIR; };
		AE7EB600201C172B000AB1EF /* AppDelegate.swift */ = {isa = PBXFileReference; lastKnownFileType = sourcecode.swift; path = AppDelegate.swift; sourceTree = "<group>"; };
		AE7EB602201C172B000AB1EF /* ViewController.swift */ = {isa = PBXFileReference; lastKnownFileType = sourcecode.swift; path = ViewController.swift; sourceTree = "<group>"; };
		AE7EB605201C172B000AB1EF /* Base */ = {isa = PBXFileReference; lastKnownFileType = file.storyboard; name = Base; path = Base.lproj/Main.storyboard; sourceTree = "<group>"; };
		AE7EB608201C172B000AB1EF /* HackatonFintech.xcdatamodel */ = {isa = PBXFileReference; lastKnownFileType = wrapper.xcdatamodel; path = HackatonFintech.xcdatamodel; sourceTree = "<group>"; };
		AE7EB60A201C172B000AB1EF /* Assets.xcassets */ = {isa = PBXFileReference; lastKnownFileType = folder.assetcatalog; path = Assets.xcassets; sourceTree = "<group>"; };
		AE7EB60D201C172B000AB1EF /* Base */ = {isa = PBXFileReference; lastKnownFileType = file.storyboard; name = Base; path = Base.lproj/LaunchScreen.storyboard; sourceTree = "<group>"; };
		AE7EB60F201C172B000AB1EF /* Info.plist */ = {isa = PBXFileReference; lastKnownFileType = text.plist.xml; path = Info.plist; sourceTree = "<group>"; };
		AE7EB614201C172C000AB1EF /* HackatonFintechTests.xctest */ = {isa = PBXFileReference; explicitFileType = wrapper.cfbundle; includeInIndex = 0; path = HackatonFintechTests.xctest; sourceTree = BUILT_PRODUCTS_DIR; };
		AE7EB618201C172C000AB1EF /* HackatonFintechTests.swift */ = {isa = PBXFileReference; lastKnownFileType = sourcecode.swift; path = HackatonFintechTests.swift; sourceTree = "<group>"; };
		AE7EB61A201C172C000AB1EF /* Info.plist */ = {isa = PBXFileReference; lastKnownFileType = text.plist.xml; path = Info.plist; sourceTree = "<group>"; };
		AE7EB61F201C172C000AB1EF /* HackatonFintechUITests.xctest */ = {isa = PBXFileReference; explicitFileType = wrapper.cfbundle; includeInIndex = 0; path = HackatonFintechUITests.xctest; sourceTree = BUILT_PRODUCTS_DIR; };
		AE7EB623201C172C000AB1EF /* HackatonFintechUITests.swift */ = {isa = PBXFileReference; lastKnownFileType = sourcecode.swift; path = HackatonFintechUITests.swift; sourceTree = "<group>"; };
		AE7EB625201C172C000AB1EF /* Info.plist */ = {isa = PBXFileReference; lastKnownFileType = text.plist.xml; path = Info.plist; sourceTree = "<group>"; };
		AE7EB631201C2B3B000AB1EF /* Podfile */ = {isa = PBXFileReference; fileEncoding = 4; lastKnownFileType = text; path = Podfile; sourceTree = "<group>"; xcLanguageSpecificationIdentifier = xcode.lang.ruby; };
		AE7EB638201C2D51000AB1EF /* SigninController.swift */ = {isa = PBXFileReference; lastKnownFileType = sourcecode.swift; path = SigninController.swift; sourceTree = "<group>"; };
		AE7EB63B201C2D95000AB1EF /* SinupController.swift */ = {isa = PBXFileReference; lastKnownFileType = sourcecode.swift; path = SinupController.swift; sourceTree = "<group>"; };
		AE7EB63F201C34B5000AB1EF /* Pods.xcodeproj */ = {isa = PBXFileReference; lastKnownFileType = "wrapper.pb-project"; name = Pods.xcodeproj; path = Pods/Pods.xcodeproj; sourceTree = "<group>"; };
		AE7EB65C201C3AD7000AB1EF /* API.swift */ = {isa = PBXFileReference; fileEncoding = 4; lastKnownFileType = sourcecode.swift; path = API.swift; sourceTree = "<group>"; };
		AE7EB65E201CC446000AB1EF /* QRReaderViewController.swift */ = {isa = PBXFileReference; lastKnownFileType = sourcecode.swift; path = QRReaderViewController.swift; sourceTree = "<group>"; };
		AE7EB660201CDABA000AB1EF /* ChargePayController.swift */ = {isa = PBXFileReference; lastKnownFileType = sourcecode.swift; path = ChargePayController.swift; sourceTree = "<group>"; };
		AE7EB662201CE125000AB1EF /* ChargeNumberController.swift */ = {isa = PBXFileReference; lastKnownFileType = sourcecode.swift; path = ChargeNumberController.swift; sourceTree = "<group>"; };
		EC478E7FCD50E49D451595E0 /* Pods-HackatonFintechTests.debug.xcconfig */ = {isa = PBXFileReference; includeInIndex = 1; lastKnownFileType = text.xcconfig; name = "Pods-HackatonFintechTests.debug.xcconfig"; path = "Pods/Target Support Files/Pods-HackatonFintechTests/Pods-HackatonFintechTests.debug.xcconfig"; sourceTree = "<group>"; };
/* End PBXFileReference section */

/* Begin PBXFrameworksBuildPhase section */
		AE7EB5FA201C172B000AB1EF /* Frameworks */ = {
			isa = PBXFrameworksBuildPhase;
			buildActionMask = 2147483647;
			files = (
				6B838B9287F30C76905A9ECA /* Pods_HackatonFintech.framework in Frameworks */,
			);
			runOnlyForDeploymentPostprocessing = 0;
		};
		AE7EB611201C172C000AB1EF /* Frameworks */ = {
			isa = PBXFrameworksBuildPhase;
			buildActionMask = 2147483647;
			files = (
				2493DF177C614E2FA063BCAF /* Pods_HackatonFintechTests.framework in Frameworks */,
			);
			runOnlyForDeploymentPostprocessing = 0;
		};
		AE7EB61C201C172C000AB1EF /* Frameworks */ = {
			isa = PBXFrameworksBuildPhase;
			buildActionMask = 2147483647;
			files = (
				3E4802BF15D5B371130E06DD /* Pods_HackatonFintechUITests.framework in Frameworks */,
			);
			runOnlyForDeploymentPostprocessing = 0;
		};
/* End PBXFrameworksBuildPhase section */

/* Begin PBXGroup section */
		382A353BCDFA0D51440B78C5 /* Frameworks */ = {
			isa = PBXGroup;
			children = (
				2B392585DEE282A96033F52C /* Pods_HackatonFintech.framework */,
				3050B3B548BA200E00A4E6AF /* Pods_HackatonFintechTests.framework */,
				AE4D7A0A18B31C3BE0BE7406 /* Pods_HackatonFintechUITests.framework */,
			);
			name = Frameworks;
			sourceTree = "<group>";
		};
		AE7EB5F4201C172B000AB1EF = {
			isa = PBXGroup;
			children = (
				AE7EB63F201C34B5000AB1EF /* Pods.xcodeproj */,
				AE7EB631201C2B3B000AB1EF /* Podfile */,
				AE7EB5FF201C172B000AB1EF /* HackatonFintech */,
				AE7EB617201C172C000AB1EF /* HackatonFintechTests */,
				AE7EB622201C172C000AB1EF /* HackatonFintechUITests */,
				AE7EB5FE201C172B000AB1EF /* Products */,
				BB32BE31083DD4758807E33F /* Pods */,
				382A353BCDFA0D51440B78C5 /* Frameworks */,
			);
			sourceTree = "<group>";
		};
		AE7EB5FE201C172B000AB1EF /* Products */ = {
			isa = PBXGroup;
			children = (
				AE7EB5FD201C172B000AB1EF /* HackatonFintech.app */,
				AE7EB614201C172C000AB1EF /* HackatonFintechTests.xctest */,
				AE7EB61F201C172C000AB1EF /* HackatonFintechUITests.xctest */,
			);
			name = Products;
			sourceTree = "<group>";
		};
		AE7EB5FF201C172B000AB1EF /* HackatonFintech */ = {
			isa = PBXGroup;
			children = (
				AE7EB637201C2D43000AB1EF /* Controllers */,
				AE7EB636201C2CD4000AB1EF /* ResourcesSiesta */,
				AE7EB600201C172B000AB1EF /* AppDelegate.swift */,
				AE7EB602201C172B000AB1EF /* ViewController.swift */,
				AE7EB604201C172B000AB1EF /* Main.storyboard */,
				AE7EB60A201C172B000AB1EF /* Assets.xcassets */,
				AE7EB60C201C172B000AB1EF /* LaunchScreen.storyboard */,
				AE7EB60F201C172B000AB1EF /* Info.plist */,
				AE7EB607201C172B000AB1EF /* HackatonFintech.xcdatamodeld */,
			);
			path = HackatonFintech;
			sourceTree = "<group>";
		};
		AE7EB617201C172C000AB1EF /* HackatonFintechTests */ = {
			isa = PBXGroup;
			children = (
				AE7EB618201C172C000AB1EF /* HackatonFintechTests.swift */,
				AE7EB61A201C172C000AB1EF /* Info.plist */,
			);
			path = HackatonFintechTests;
			sourceTree = "<group>";
		};
		AE7EB622201C172C000AB1EF /* HackatonFintechUITests */ = {
			isa = PBXGroup;
			children = (
				AE7EB623201C172C000AB1EF /* HackatonFintechUITests.swift */,
				AE7EB625201C172C000AB1EF /* Info.plist */,
			);
			path = HackatonFintechUITests;
			sourceTree = "<group>";
		};
		AE7EB636201C2CD4000AB1EF /* ResourcesSiesta */ = {
			isa = PBXGroup;
			children = (
				AE7EB65C201C3AD7000AB1EF /* API.swift */,
			);
			path = ResourcesSiesta;
			sourceTree = "<group>";
		};
		AE7EB637201C2D43000AB1EF /* Controllers */ = {
			isa = PBXGroup;
			children = (
				AE7EB638201C2D51000AB1EF /* SigninController.swift */,
				AE7EB63B201C2D95000AB1EF /* SinupController.swift */,
				AE7EB65E201CC446000AB1EF /* QRReaderViewController.swift */,
				AE7EB660201CDABA000AB1EF /* ChargePayController.swift */,
				AE7EB662201CE125000AB1EF /* ChargeNumberController.swift */,
			);
			path = Controllers;
			sourceTree = "<group>";
		};
		AE7EB640201C34B5000AB1EF /* Products */ = {
			isa = PBXGroup;
			children = (
				AE7EB648201C34B5000AB1EF /* Alamofire.framework */,
				AE7EB64A201C34B5000AB1EF /* Pods_HackatonFintech.framework */,
				AE7EB64C201C34B5000AB1EF /* Pods_HackatonFintechTests.framework */,
				AE7EB64E201C34B5000AB1EF /* Pods_HackatonFintechUITests.framework */,
				AE7EB650201C34B5000AB1EF /* Siesta.framework */,
				AE7EB659201C38AF000AB1EF /* SwiftyJSON.framework */,
			);
			name = Products;
			sourceTree = "<group>";
		};
		BB32BE31083DD4758807E33F /* Pods */ = {
			isa = PBXGroup;
			children = (
				812473602DF3203E1F73E7BD /* Pods-HackatonFintech.debug.xcconfig */,
				4AD093FAE590B531AA4EF6DC /* Pods-HackatonFintech.release.xcconfig */,
				EC478E7FCD50E49D451595E0 /* Pods-HackatonFintechTests.debug.xcconfig */,
				5256604C3349803DDDF50E51 /* Pods-HackatonFintechTests.release.xcconfig */,
				2C8BC47344EDDA57C1414DFB /* Pods-HackatonFintechUITests.debug.xcconfig */,
				22BBBACB23197F82FFC84C3E /* Pods-HackatonFintechUITests.release.xcconfig */,
			);
			name = Pods;
			sourceTree = "<group>";
		};
/* End PBXGroup section */

/* Begin PBXNativeTarget section */
		AE7EB5FC201C172B000AB1EF /* HackatonFintech */ = {
			isa = PBXNativeTarget;
			buildConfigurationList = AE7EB628201C172C000AB1EF /* Build configuration list for PBXNativeTarget "HackatonFintech" */;
			buildPhases = (
				FC199E4B7F573568C99377A8 /* [CP] Check Pods Manifest.lock */,
				AE7EB5F9201C172B000AB1EF /* Sources */,
				AE7EB5FA201C172B000AB1EF /* Frameworks */,
				AE7EB5FB201C172B000AB1EF /* Resources */,
				32F6305FCAB14786BB8171FA /* [CP] Embed Pods Frameworks */,
				133EF5967F8107B3FC86AC3D /* [CP] Copy Pods Resources */,
			);
			buildRules = (
			);
			dependencies = (
			);
			name = HackatonFintech;
			productName = HackatonFintech;
			productReference = AE7EB5FD201C172B000AB1EF /* HackatonFintech.app */;
			productType = "com.apple.product-type.application";
		};
		AE7EB613201C172C000AB1EF /* HackatonFintechTests */ = {
			isa = PBXNativeTarget;
			buildConfigurationList = AE7EB62B201C172C000AB1EF /* Build configuration list for PBXNativeTarget "HackatonFintechTests" */;
			buildPhases = (
				3A728FEC96854F0051C39A52 /* [CP] Check Pods Manifest.lock */,
				AE7EB610201C172C000AB1EF /* Sources */,
				AE7EB611201C172C000AB1EF /* Frameworks */,
				AE7EB612201C172C000AB1EF /* Resources */,
				8352360AB3024AF1C2502F85 /* [CP] Embed Pods Frameworks */,
				50474FC9C495625D97B6547A /* [CP] Copy Pods Resources */,
			);
			buildRules = (
			);
			dependencies = (
				AE7EB616201C172C000AB1EF /* PBXTargetDependency */,
			);
			name = HackatonFintechTests;
			productName = HackatonFintechTests;
			productReference = AE7EB614201C172C000AB1EF /* HackatonFintechTests.xctest */;
			productType = "com.apple.product-type.bundle.unit-test";
		};
		AE7EB61E201C172C000AB1EF /* HackatonFintechUITests */ = {
			isa = PBXNativeTarget;
			buildConfigurationList = AE7EB62E201C172C000AB1EF /* Build configuration list for PBXNativeTarget "HackatonFintechUITests" */;
			buildPhases = (
				59CD8DF0F7A831439B3FB07D /* [CP] Check Pods Manifest.lock */,
				AE7EB61B201C172C000AB1EF /* Sources */,
				AE7EB61C201C172C000AB1EF /* Frameworks */,
				AE7EB61D201C172C000AB1EF /* Resources */,
				4EC3B788A5E81614BFE357AC /* [CP] Embed Pods Frameworks */,
				D7ACBCD753C8178CA1F93123 /* [CP] Copy Pods Resources */,
			);
			buildRules = (
			);
			dependencies = (
				AE7EB621201C172C000AB1EF /* PBXTargetDependency */,
			);
			name = HackatonFintechUITests;
			productName = HackatonFintechUITests;
			productReference = AE7EB61F201C172C000AB1EF /* HackatonFintechUITests.xctest */;
			productType = "com.apple.product-type.bundle.ui-testing";
		};
/* End PBXNativeTarget section */

/* Begin PBXProject section */
		AE7EB5F5201C172B000AB1EF /* Project object */ = {
			isa = PBXProject;
			attributes = {
				LastSwiftUpdateCheck = 0920;
				LastUpgradeCheck = 0920;
				ORGANIZATIONNAME = HackatonFintech;
				TargetAttributes = {
					AE7EB5FC201C172B000AB1EF = {
						CreatedOnToolsVersion = 9.2;
						ProvisioningStyle = Automatic;
					};
					AE7EB613201C172C000AB1EF = {
						CreatedOnToolsVersion = 9.2;
						ProvisioningStyle = Automatic;
						TestTargetID = AE7EB5FC201C172B000AB1EF;
					};
					AE7EB61E201C172C000AB1EF = {
						CreatedOnToolsVersion = 9.2;
						ProvisioningStyle = Automatic;
						TestTargetID = AE7EB5FC201C172B000AB1EF;
					};
				};
			};
			buildConfigurationList = AE7EB5F8201C172B000AB1EF /* Build configuration list for PBXProject "HackatonFintech" */;
			compatibilityVersion = "Xcode 8.0";
			developmentRegion = en;
			hasScannedForEncodings = 0;
			knownRegions = (
				en,
				Base,
			);
			mainGroup = AE7EB5F4201C172B000AB1EF;
			productRefGroup = AE7EB5FE201C172B000AB1EF /* Products */;
			projectDirPath = "";
			projectReferences = (
				{
					ProductGroup = AE7EB640201C34B5000AB1EF /* Products */;
					ProjectRef = AE7EB63F201C34B5000AB1EF /* Pods.xcodeproj */;
				},
			);
			projectRoot = "";
			targets = (
				AE7EB5FC201C172B000AB1EF /* HackatonFintech */,
				AE7EB613201C172C000AB1EF /* HackatonFintechTests */,
				AE7EB61E201C172C000AB1EF /* HackatonFintechUITests */,
			);
		};
/* End PBXProject section */

/* Begin PBXReferenceProxy section */
		AE7EB648201C34B5000AB1EF /* Alamofire.framework */ = {
			isa = PBXReferenceProxy;
			fileType = wrapper.framework;
			path = Alamofire.framework;
			remoteRef = AE7EB647201C34B5000AB1EF /* PBXContainerItemProxy */;
			sourceTree = BUILT_PRODUCTS_DIR;
		};
		AE7EB64A201C34B5000AB1EF /* Pods_HackatonFintech.framework */ = {
			isa = PBXReferenceProxy;
			fileType = wrapper.framework;
			path = Pods_HackatonFintech.framework;
			remoteRef = AE7EB649201C34B5000AB1EF /* PBXContainerItemProxy */;
			sourceTree = BUILT_PRODUCTS_DIR;
		};
		AE7EB64C201C34B5000AB1EF /* Pods_HackatonFintechTests.framework */ = {
			isa = PBXReferenceProxy;
			fileType = wrapper.framework;
			path = Pods_HackatonFintechTests.framework;
			remoteRef = AE7EB64B201C34B5000AB1EF /* PBXContainerItemProxy */;
			sourceTree = BUILT_PRODUCTS_DIR;
		};
		AE7EB64E201C34B5000AB1EF /* Pods_HackatonFintechUITests.framework */ = {
			isa = PBXReferenceProxy;
			fileType = wrapper.framework;
			path = Pods_HackatonFintechUITests.framework;
			remoteRef = AE7EB64D201C34B5000AB1EF /* PBXContainerItemProxy */;
			sourceTree = BUILT_PRODUCTS_DIR;
		};
		AE7EB650201C34B5000AB1EF /* Siesta.framework */ = {
			isa = PBXReferenceProxy;
			fileType = wrapper.framework;
			path = Siesta.framework;
			remoteRef = AE7EB64F201C34B5000AB1EF /* PBXContainerItemProxy */;
			sourceTree = BUILT_PRODUCTS_DIR;
		};
		AE7EB659201C38AF000AB1EF /* SwiftyJSON.framework */ = {
			isa = PBXReferenceProxy;
			fileType = wrapper.framework;
			path = SwiftyJSON.framework;
			remoteRef = AE7EB658201C38AF000AB1EF /* PBXContainerItemProxy */;
			sourceTree = BUILT_PRODUCTS_DIR;
		};
/* End PBXReferenceProxy section */

/* Begin PBXResourcesBuildPhase section */
		AE7EB5FB201C172B000AB1EF /* Resources */ = {
			isa = PBXResourcesBuildPhase;
			buildActionMask = 2147483647;
			files = (
				AE7EB60E201C172B000AB1EF /* LaunchScreen.storyboard in Resources */,
				AE7EB60B201C172B000AB1EF /* Assets.xcassets in Resources */,
				AE7EB632201C2B3C000AB1EF /* Podfile in Resources */,
				AE7EB606201C172B000AB1EF /* Main.storyboard in Resources */,
			);
			runOnlyForDeploymentPostprocessing = 0;
		};
		AE7EB612201C172C000AB1EF /* Resources */ = {
			isa = PBXResourcesBuildPhase;
			buildActionMask = 2147483647;
			files = (
			);
			runOnlyForDeploymentPostprocessing = 0;
		};
		AE7EB61D201C172C000AB1EF /* Resources */ = {
			isa = PBXResourcesBuildPhase;
			buildActionMask = 2147483647;
			files = (
			);
			runOnlyForDeploymentPostprocessing = 0;
		};
/* End PBXResourcesBuildPhase section */

/* Begin PBXShellScriptBuildPhase section */
		133EF5967F8107B3FC86AC3D /* [CP] Copy Pods Resources */ = {
			isa = PBXShellScriptBuildPhase;
			buildActionMask = 2147483647;
			files = (
			);
			inputPaths = (
			);
			name = "[CP] Copy Pods Resources";
			outputPaths = (
			);
			runOnlyForDeploymentPostprocessing = 0;
			shellPath = /bin/sh;
			shellScript = "\"${SRCROOT}/Pods/Target Support Files/Pods-HackatonFintech/Pods-HackatonFintech-resources.sh\"\n";
			showEnvVarsInLog = 0;
		};
		32F6305FCAB14786BB8171FA /* [CP] Embed Pods Frameworks */ = {
			isa = PBXShellScriptBuildPhase;
			buildActionMask = 2147483647;
			files = (
			);
			inputPaths = (
				"${SRCROOT}/Pods/Target Support Files/Pods-HackatonFintech/Pods-HackatonFintech-frameworks.sh",
				"${BUILT_PRODUCTS_DIR}/Alamofire/Alamofire.framework",
				"${BUILT_PRODUCTS_DIR}/Siesta/Siesta.framework",
				"${BUILT_PRODUCTS_DIR}/SwiftyJSON/SwiftyJSON.framework",
			);
			name = "[CP] Embed Pods Frameworks";
			outputPaths = (
				"${TARGET_BUILD_DIR}/${FRAMEWORKS_FOLDER_PATH}/Alamofire.framework",
				"${TARGET_BUILD_DIR}/${FRAMEWORKS_FOLDER_PATH}/Siesta.framework",
				"${TARGET_BUILD_DIR}/${FRAMEWORKS_FOLDER_PATH}/SwiftyJSON.framework",
			);
			runOnlyForDeploymentPostprocessing = 0;
			shellPath = /bin/sh;
			shellScript = "\"${SRCROOT}/Pods/Target Support Files/Pods-HackatonFintech/Pods-HackatonFintech-frameworks.sh\"\n";
			showEnvVarsInLog = 0;
		};
		3A728FEC96854F0051C39A52 /* [CP] Check Pods Manifest.lock */ = {
			isa = PBXShellScriptBuildPhase;
			buildActionMask = 2147483647;
			files = (
			);
			inputPaths = (
				"${PODS_PODFILE_DIR_PATH}/Podfile.lock",
				"${PODS_ROOT}/Manifest.lock",
			);
			name = "[CP] Check Pods Manifest.lock";
			outputPaths = (
				"$(DERIVED_FILE_DIR)/Pods-HackatonFintechTests-checkManifestLockResult.txt",
			);
			runOnlyForDeploymentPostprocessing = 0;
			shellPath = /bin/sh;
			shellScript = "diff \"${PODS_PODFILE_DIR_PATH}/Podfile.lock\" \"${PODS_ROOT}/Manifest.lock\" > /dev/null\nif [ $? != 0 ] ; then\n    # print error to STDERR\n    echo \"error: The sandbox is not in sync with the Podfile.lock. Run 'pod install' or update your CocoaPods installation.\" >&2\n    exit 1\nfi\n# This output is used by Xcode 'outputs' to avoid re-running this script phase.\necho \"SUCCESS\" > \"${SCRIPT_OUTPUT_FILE_0}\"\n";
			showEnvVarsInLog = 0;
		};
		4EC3B788A5E81614BFE357AC /* [CP] Embed Pods Frameworks */ = {
			isa = PBXShellScriptBuildPhase;
			buildActionMask = 2147483647;
			files = (
			);
			inputPaths = (
			);
			name = "[CP] Embed Pods Frameworks";
			outputPaths = (
			);
			runOnlyForDeploymentPostprocessing = 0;
			shellPath = /bin/sh;
			shellScript = "\"${SRCROOT}/Pods/Target Support Files/Pods-HackatonFintechUITests/Pods-HackatonFintechUITests-frameworks.sh\"\n";
			showEnvVarsInLog = 0;
		};
		50474FC9C495625D97B6547A /* [CP] Copy Pods Resources */ = {
			isa = PBXShellScriptBuildPhase;
			buildActionMask = 2147483647;
			files = (
			);
			inputPaths = (
			);
			name = "[CP] Copy Pods Resources";
			outputPaths = (
			);
			runOnlyForDeploymentPostprocessing = 0;
			shellPath = /bin/sh;
			shellScript = "\"${SRCROOT}/Pods/Target Support Files/Pods-HackatonFintechTests/Pods-HackatonFintechTests-resources.sh\"\n";
			showEnvVarsInLog = 0;
		};
		59CD8DF0F7A831439B3FB07D /* [CP] Check Pods Manifest.lock */ = {
			isa = PBXShellScriptBuildPhase;
			buildActionMask = 2147483647;
			files = (
			);
			inputPaths = (
				"${PODS_PODFILE_DIR_PATH}/Podfile.lock",
				"${PODS_ROOT}/Manifest.lock",
			);
			name = "[CP] Check Pods Manifest.lock";
			outputPaths = (
				"$(DERIVED_FILE_DIR)/Pods-HackatonFintechUITests-checkManifestLockResult.txt",
			);
			runOnlyForDeploymentPostprocessing = 0;
			shellPath = /bin/sh;
			shellScript = "diff \"${PODS_PODFILE_DIR_PATH}/Podfile.lock\" \"${PODS_ROOT}/Manifest.lock\" > /dev/null\nif [ $? != 0 ] ; then\n    # print error to STDERR\n    echo \"error: The sandbox is not in sync with the Podfile.lock. Run 'pod install' or update your CocoaPods installation.\" >&2\n    exit 1\nfi\n# This output is used by Xcode 'outputs' to avoid re-running this script phase.\necho \"SUCCESS\" > \"${SCRIPT_OUTPUT_FILE_0}\"\n";
			showEnvVarsInLog = 0;
		};
		8352360AB3024AF1C2502F85 /* [CP] Embed Pods Frameworks */ = {
			isa = PBXShellScriptBuildPhase;
			buildActionMask = 2147483647;
			files = (
			);
			inputPaths = (
			);
			name = "[CP] Embed Pods Frameworks";
			outputPaths = (
			);
			runOnlyForDeploymentPostprocessing = 0;
			shellPath = /bin/sh;
			shellScript = "\"${SRCROOT}/Pods/Target Support Files/Pods-HackatonFintechTests/Pods-HackatonFintechTests-frameworks.sh\"\n";
			showEnvVarsInLog = 0;
		};
		D7ACBCD753C8178CA1F93123 /* [CP] Copy Pods Resources */ = {
			isa = PBXShellScriptBuildPhase;
			buildActionMask = 2147483647;
			files = (
			);
			inputPaths = (
			);
			name = "[CP] Copy Pods Resources";
			outputPaths = (
			);
			runOnlyForDeploymentPostprocessing = 0;
			shellPath = /bin/sh;
			shellScript = "\"${SRCROOT}/Pods/Target Support Files/Pods-HackatonFintechUITests/Pods-HackatonFintechUITests-resources.sh\"\n";
			showEnvVarsInLog = 0;
		};
		FC199E4B7F573568C99377A8 /* [CP] Check Pods Manifest.lock */ = {
			isa = PBXShellScriptBuildPhase;
			buildActionMask = 2147483647;
			files = (
			);
			inputPaths = (
				"${PODS_PODFILE_DIR_PATH}/Podfile.lock",
				"${PODS_ROOT}/Manifest.lock",
			);
			name = "[CP] Check Pods Manifest.lock";
			outputPaths = (
				"$(DERIVED_FILE_DIR)/Pods-HackatonFintech-checkManifestLockResult.txt",
			);
			runOnlyForDeploymentPostprocessing = 0;
			shellPath = /bin/sh;
			shellScript = "diff \"${PODS_PODFILE_DIR_PATH}/Podfile.lock\" \"${PODS_ROOT}/Manifest.lock\" > /dev/null\nif [ $? != 0 ] ; then\n    # print error to STDERR\n    echo \"error: The sandbox is not in sync with the Podfile.lock. Run 'pod install' or update your CocoaPods installation.\" >&2\n    exit 1\nfi\n# This output is used by Xcode 'outputs' to avoid re-running this script phase.\necho \"SUCCESS\" > \"${SCRIPT_OUTPUT_FILE_0}\"\n";
			showEnvVarsInLog = 0;
		};
/* End PBXShellScriptBuildPhase section */

/* Begin PBXSourcesBuildPhase section */
		AE7EB5F9201C172B000AB1EF /* Sources */ = {
			isa = PBXSourcesBuildPhase;
			buildActionMask = 2147483647;
			files = (
				AE7EB609201C172B000AB1EF /* HackatonFintech.xcdatamodeld in Sources */,
				AE7EB63C201C2D95000AB1EF /* SinupController.swift in Sources */,
				AE7EB639201C2D51000AB1EF /* SigninController.swift in Sources */,
				AE7EB603201C172B000AB1EF /* ViewController.swift in Sources */,
				AE7EB661201CDABA000AB1EF /* ChargePayController.swift in Sources */,
				AE7EB65D201C3AD7000AB1EF /* API.swift in Sources */,
				AE7EB65F201CC446000AB1EF /* QRReaderViewController.swift in Sources */,
				AE7EB601201C172B000AB1EF /* AppDelegate.swift in Sources */,
				AE7EB663201CE125000AB1EF /* ChargeNumberController.swift in Sources */,
			);
			runOnlyForDeploymentPostprocessing = 0;
		};
		AE7EB610201C172C000AB1EF /* Sources */ = {
			isa = PBXSourcesBuildPhase;
			buildActionMask = 2147483647;
			files = (
				AE7EB619201C172C000AB1EF /* HackatonFintechTests.swift in Sources */,
			);
			runOnlyForDeploymentPostprocessing = 0;
		};
		AE7EB61B201C172C000AB1EF /* Sources */ = {
			isa = PBXSourcesBuildPhase;
			buildActionMask = 2147483647;
			files = (
				AE7EB624201C172C000AB1EF /* HackatonFintechUITests.swift in Sources */,
			);
			runOnlyForDeploymentPostprocessing = 0;
		};
/* End PBXSourcesBuildPhase section */

/* Begin PBXTargetDependency section */
		AE7EB616201C172C000AB1EF /* PBXTargetDependency */ = {
			isa = PBXTargetDependency;
			target = AE7EB5FC201C172B000AB1EF /* HackatonFintech */;
			targetProxy = AE7EB615201C172C000AB1EF /* PBXContainerItemProxy */;
		};
		AE7EB621201C172C000AB1EF /* PBXTargetDependency */ = {
			isa = PBXTargetDependency;
			target = AE7EB5FC201C172B000AB1EF /* HackatonFintech */;
			targetProxy = AE7EB620201C172C000AB1EF /* PBXContainerItemProxy */;
		};
/* End PBXTargetDependency section */

/* Begin PBXVariantGroup section */
		AE7EB604201C172B000AB1EF /* Main.storyboard */ = {
			isa = PBXVariantGroup;
			children = (
				AE7EB605201C172B000AB1EF /* Base */,
			);
			name = Main.storyboard;
			sourceTree = "<group>";
		};
		AE7EB60C201C172B000AB1EF /* LaunchScreen.storyboard */ = {
			isa = PBXVariantGroup;
			children = (
				AE7EB60D201C172B000AB1EF /* Base */,
			);
			name = LaunchScreen.storyboard;
			sourceTree = "<group>";
		};
/* End PBXVariantGroup section */

/* Begin XCBuildConfiguration section */
		AE7EB626201C172C000AB1EF /* Debug */ = {
			isa = XCBuildConfiguration;
			buildSettings = {
				ALWAYS_SEARCH_USER_PATHS = NO;
				CLANG_ANALYZER_NONNULL = YES;
				CLANG_ANALYZER_NUMBER_OBJECT_CONVERSION = YES_AGGRESSIVE;
				CLANG_CXX_LANGUAGE_STANDARD = "gnu++14";
				CLANG_CXX_LIBRARY = "libc++";
				CLANG_ENABLE_MODULES = YES;
				CLANG_ENABLE_OBJC_ARC = YES;
				CLANG_WARN_BLOCK_CAPTURE_AUTORELEASING = YES;
				CLANG_WARN_BOOL_CONVERSION = YES;
				CLANG_WARN_COMMA = YES;
				CLANG_WARN_CONSTANT_CONVERSION = YES;
				CLANG_WARN_DIRECT_OBJC_ISA_USAGE = YES_ERROR;
				CLANG_WARN_DOCUMENTATION_COMMENTS = YES;
				CLANG_WARN_EMPTY_BODY = YES;
				CLANG_WARN_ENUM_CONVERSION = YES;
				CLANG_WARN_INFINITE_RECURSION = YES;
				CLANG_WARN_INT_CONVERSION = YES;
				CLANG_WARN_NON_LITERAL_NULL_CONVERSION = YES;
				CLANG_WARN_OBJC_LITERAL_CONVERSION = YES;
				CLANG_WARN_OBJC_ROOT_CLASS = YES_ERROR;
				CLANG_WARN_RANGE_LOOP_ANALYSIS = YES;
				CLANG_WARN_STRICT_PROTOTYPES = YES;
				CLANG_WARN_SUSPICIOUS_MOVE = YES;
				CLANG_WARN_UNGUARDED_AVAILABILITY = YES_AGGRESSIVE;
				CLANG_WARN_UNREACHABLE_CODE = YES;
				CLANG_WARN__DUPLICATE_METHOD_MATCH = YES;
				CODE_SIGN_IDENTITY = "iPhone Developer";
				COPY_PHASE_STRIP = NO;
				DEBUG_INFORMATION_FORMAT = dwarf;
				ENABLE_STRICT_OBJC_MSGSEND = YES;
				ENABLE_TESTABILITY = YES;
				GCC_C_LANGUAGE_STANDARD = gnu11;
				GCC_DYNAMIC_NO_PIC = NO;
				GCC_NO_COMMON_BLOCKS = YES;
				GCC_OPTIMIZATION_LEVEL = 0;
				GCC_PREPROCESSOR_DEFINITIONS = (
					"DEBUG=1",
					"$(inherited)",
				);
				GCC_WARN_64_TO_32_BIT_CONVERSION = YES;
				GCC_WARN_ABOUT_RETURN_TYPE = YES_ERROR;
				GCC_WARN_UNDECLARED_SELECTOR = YES;
				GCC_WARN_UNINITIALIZED_AUTOS = YES_AGGRESSIVE;
				GCC_WARN_UNUSED_FUNCTION = YES;
				GCC_WARN_UNUSED_VARIABLE = YES;
				IPHONEOS_DEPLOYMENT_TARGET = 11.2;
				MTL_ENABLE_DEBUG_INFO = YES;
				ONLY_ACTIVE_ARCH = YES;
				SDKROOT = iphoneos;
				SWIFT_ACTIVE_COMPILATION_CONDITIONS = DEBUG;
				SWIFT_OPTIMIZATION_LEVEL = "-Onone";
			};
			name = Debug;
		};
		AE7EB627201C172C000AB1EF /* Release */ = {
			isa = XCBuildConfiguration;
			buildSettings = {
				ALWAYS_SEARCH_USER_PATHS = NO;
				CLANG_ANALYZER_NONNULL = YES;
				CLANG_ANALYZER_NUMBER_OBJECT_CONVERSION = YES_AGGRESSIVE;
				CLANG_CXX_LANGUAGE_STANDARD = "gnu++14";
				CLANG_CXX_LIBRARY = "libc++";
				CLANG_ENABLE_MODULES = YES;
				CLANG_ENABLE_OBJC_ARC = YES;
				CLANG_WARN_BLOCK_CAPTURE_AUTORELEASING = YES;
				CLANG_WARN_BOOL_CONVERSION = YES;
				CLANG_WARN_COMMA = YES;
				CLANG_WARN_CONSTANT_CONVERSION = YES;
				CLANG_WARN_DIRECT_OBJC_ISA_USAGE = YES_ERROR;
				CLANG_WARN_DOCUMENTATION_COMMENTS = YES;
				CLANG_WARN_EMPTY_BODY = YES;
				CLANG_WARN_ENUM_CONVERSION = YES;
				CLANG_WARN_INFINITE_RECURSION = YES;
				CLANG_WARN_INT_CONVERSION = YES;
				CLANG_WARN_NON_LITERAL_NULL_CONVERSION = YES;
				CLANG_WARN_OBJC_LITERAL_CONVERSION = YES;
				CLANG_WARN_OBJC_ROOT_CLASS = YES_ERROR;
				CLANG_WARN_RANGE_LOOP_ANALYSIS = YES;
				CLANG_WARN_STRICT_PROTOTYPES = YES;
				CLANG_WARN_SUSPICIOUS_MOVE = YES;
				CLANG_WARN_UNGUARDED_AVAILABILITY = YES_AGGRESSIVE;
				CLANG_WARN_UNREACHABLE_CODE = YES;
				CLANG_WARN__DUPLICATE_METHOD_MATCH = YES;
				CODE_SIGN_IDENTITY = "iPhone Developer";
				COPY_PHASE_STRIP = NO;
				DEBUG_INFORMATION_FORMAT = "dwarf-with-dsym";
				ENABLE_NS_ASSERTIONS = NO;
				ENABLE_STRICT_OBJC_MSGSEND = YES;
				GCC_C_LANGUAGE_STANDARD = gnu11;
				GCC_NO_COMMON_BLOCKS = YES;
				GCC_WARN_64_TO_32_BIT_CONVERSION = YES;
				GCC_WARN_ABOUT_RETURN_TYPE = YES_ERROR;
				GCC_WARN_UNDECLARED_SELECTOR = YES;
				GCC_WARN_UNINITIALIZED_AUTOS = YES_AGGRESSIVE;
				GCC_WARN_UNUSED_FUNCTION = YES;
				GCC_WARN_UNUSED_VARIABLE = YES;
				IPHONEOS_DEPLOYMENT_TARGET = 11.2;
				MTL_ENABLE_DEBUG_INFO = NO;
				SDKROOT = iphoneos;
				SWIFT_OPTIMIZATION_LEVEL = "-Owholemodule";
				VALIDATE_PRODUCT = YES;
			};
			name = Release;
		};
		AE7EB629201C172C000AB1EF /* Debug */ = {
			isa = XCBuildConfiguration;
			baseConfigurationReference = 812473602DF3203E1F73E7BD /* Pods-HackatonFintech.debug.xcconfig */;
			buildSettings = {
				ASSETCATALOG_COMPILER_APPICON_NAME = AppIcon;
				CODE_SIGN_STYLE = Automatic;
				DEVELOPMENT_TEAM = D8UJFFCBU9;
				INFOPLIST_FILE = HackatonFintech/Info.plist;
				LD_RUNPATH_SEARCH_PATHS = "$(inherited) @executable_path/Frameworks";
				PRODUCT_BUNDLE_IDENTIFIER = com.hackatonfintech.HackatonFintech;
				PRODUCT_NAME = "$(TARGET_NAME)";
				PROVISIONING_PROFILE_SPECIFIER = "";
				SWIFT_VERSION = 4.0;
				TARGETED_DEVICE_FAMILY = "1,2";
			};
			name = Debug;
		};
		AE7EB62A201C172C000AB1EF /* Release */ = {
			isa = XCBuildConfiguration;
			baseConfigurationReference = 4AD093FAE590B531AA4EF6DC /* Pods-HackatonFintech.release.xcconfig */;
			buildSettings = {
				ASSETCATALOG_COMPILER_APPICON_NAME = AppIcon;
				CODE_SIGN_STYLE = Automatic;
				DEVELOPMENT_TEAM = D8UJFFCBU9;
				INFOPLIST_FILE = HackatonFintech/Info.plist;
				LD_RUNPATH_SEARCH_PATHS = "$(inherited) @executable_path/Frameworks";
				PRODUCT_BUNDLE_IDENTIFIER = com.hackatonfintech.HackatonFintech;
				PRODUCT_NAME = "$(TARGET_NAME)";
				PROVISIONING_PROFILE_SPECIFIER = "";
				SWIFT_VERSION = 4.0;
				TARGETED_DEVICE_FAMILY = "1,2";
			};
			name = Release;
		};
		AE7EB62C201C172C000AB1EF /* Debug */ = {
			isa = XCBuildConfiguration;
			baseConfigurationReference = EC478E7FCD50E49D451595E0 /* Pods-HackatonFintechTests.debug.xcconfig */;
			buildSettings = {
				ALWAYS_EMBED_SWIFT_STANDARD_LIBRARIES = YES;
				BUNDLE_LOADER = "$(TEST_HOST)";
				CODE_SIGN_STYLE = Automatic;
				INFOPLIST_FILE = HackatonFintechTests/Info.plist;
				LD_RUNPATH_SEARCH_PATHS = "$(inherited) @executable_path/Frameworks @loader_path/Frameworks";
				PRODUCT_BUNDLE_IDENTIFIER = com.hackatonfintech.HackatonFintechTests;
				PRODUCT_NAME = "$(TARGET_NAME)";
				SWIFT_VERSION = 4.0;
				TARGETED_DEVICE_FAMILY = "1,2";
				TEST_HOST = "$(BUILT_PRODUCTS_DIR)/HackatonFintech.app/HackatonFintech";
			};
			name = Debug;
		};
		AE7EB62D201C172C000AB1EF /* Release */ = {
			isa = XCBuildConfiguration;
			baseConfigurationReference = 5256604C3349803DDDF50E51 /* Pods-HackatonFintechTests.release.xcconfig */;
			buildSettings = {
				ALWAYS_EMBED_SWIFT_STANDARD_LIBRARIES = YES;
				BUNDLE_LOADER = "$(TEST_HOST)";
				CODE_SIGN_STYLE = Automatic;
				INFOPLIST_FILE = HackatonFintechTests/Info.plist;
				LD_RUNPATH_SEARCH_PATHS = "$(inherited) @executable_path/Frameworks @loader_path/Frameworks";
				PRODUCT_BUNDLE_IDENTIFIER = com.hackatonfintech.HackatonFintechTests;
				PRODUCT_NAME = "$(TARGET_NAME)";
				SWIFT_VERSION = 4.0;
				TARGETED_DEVICE_FAMILY = "1,2";
				TEST_HOST = "$(BUILT_PRODUCTS_DIR)/HackatonFintech.app/HackatonFintech";
			};
			name = Release;
		};
		AE7EB62F201C172C000AB1EF /* Debug */ = {
			isa = XCBuildConfiguration;
			baseConfigurationReference = 2C8BC47344EDDA57C1414DFB /* Pods-HackatonFintechUITests.debug.xcconfig */;
			buildSettings = {
				ALWAYS_EMBED_SWIFT_STANDARD_LIBRARIES = YES;
				CODE_SIGN_STYLE = Automatic;
				INFOPLIST_FILE = HackatonFintechUITests/Info.plist;
				LD_RUNPATH_SEARCH_PATHS = "$(inherited) @executable_path/Frameworks @loader_path/Frameworks";
				PRODUCT_BUNDLE_IDENTIFIER = com.hackatonfintech.HackatonFintechUITests;
				PRODUCT_NAME = "$(TARGET_NAME)";
				SWIFT_VERSION = 4.0;
				TARGETED_DEVICE_FAMILY = "1,2";
				TEST_TARGET_NAME = HackatonFintech;
			};
			name = Debug;
		};
		AE7EB630201C172C000AB1EF /* Release */ = {
			isa = XCBuildConfiguration;
			baseConfigurationReference = 22BBBACB23197F82FFC84C3E /* Pods-HackatonFintechUITests.release.xcconfig */;
			buildSettings = {
				ALWAYS_EMBED_SWIFT_STANDARD_LIBRARIES = YES;
				CODE_SIGN_STYLE = Automatic;
				INFOPLIST_FILE = HackatonFintechUITests/Info.plist;
				LD_RUNPATH_SEARCH_PATHS = "$(inherited) @executable_path/Frameworks @loader_path/Frameworks";
				PRODUCT_BUNDLE_IDENTIFIER = com.hackatonfintech.HackatonFintechUITests;
				PRODUCT_NAME = "$(TARGET_NAME)";
				SWIFT_VERSION = 4.0;
				TARGETED_DEVICE_FAMILY = "1,2";
				TEST_TARGET_NAME = HackatonFintech;
			};
			name = Release;
		};
/* End XCBuildConfiguration section */

/* Begin XCConfigurationList section */
		AE7EB5F8201C172B000AB1EF /* Build configuration list for PBXProject "HackatonFintech" */ = {
			isa = XCConfigurationList;
			buildConfigurations = (
				AE7EB626201C172C000AB1EF /* Debug */,
				AE7EB627201C172C000AB1EF /* Release */,
			);
			defaultConfigurationIsVisible = 0;
			defaultConfigurationName = Release;
		};
		AE7EB628201C172C000AB1EF /* Build configuration list for PBXNativeTarget "HackatonFintech" */ = {
			isa = XCConfigurationList;
			buildConfigurations = (
				AE7EB629201C172C000AB1EF /* Debug */,
				AE7EB62A201C172C000AB1EF /* Release */,
			);
			defaultConfigurationIsVisible = 0;
			defaultConfigurationName = Release;
		};
		AE7EB62B201C172C000AB1EF /* Build configuration list for PBXNativeTarget "HackatonFintechTests" */ = {
			isa = XCConfigurationList;
			buildConfigurations = (
				AE7EB62C201C172C000AB1EF /* Debug */,
				AE7EB62D201C172C000AB1EF /* Release */,
			);
			defaultConfigurationIsVisible = 0;
			defaultConfigurationName = Release;
		};
		AE7EB62E201C172C000AB1EF /* Build configuration list for PBXNativeTarget "HackatonFintechUITests" */ = {
			isa = XCConfigurationList;
			buildConfigurations = (
				AE7EB62F201C172C000AB1EF /* Debug */,
				AE7EB630201C172C000AB1EF /* Release */,
			);
			defaultConfigurationIsVisible = 0;
			defaultConfigurationName = Release;
		};
/* End XCConfigurationList section */

/* Begin XCVersionGroup section */
		AE7EB607201C172B000AB1EF /* HackatonFintech.xcdatamodeld */ = {
			isa = XCVersionGroup;
			children = (
				AE7EB608201C172B000AB1EF /* HackatonFintech.xcdatamodel */,
			);
			currentVersion = AE7EB608201C172B000AB1EF /* HackatonFintech.xcdatamodel */;
			path = HackatonFintech.xcdatamodeld;
			sourceTree = "<group>";
			versionGroupType = wrapper.xcdatamodel;
		};
/* End XCVersionGroup section */
	};
	rootObject = AE7EB5F5201C172B000AB1EF /* Project object */;
}
